
Microsoft Visual Studio Solution File, Format Version 12.00
# Visual Studio Version 16
VisualStudioVersion = 16.0.31112.23
MinimumVisualStudioVersion = 10.0.40219.1
Project("{9A19103F-16F7-4668-BE54-9A1E7A4F7556}") = "Task1_1", "Task1_1\Task1_1.csproj", "{E174198B-A396-4360-8C43-51D775D895E0}"
EndProject
Project("{9A19103F-16F7-4668-BE54-9A1E7A4F7556}") = "Task1_3", "Task1_3\Task1_3.csproj", "{62C57D7A-C9AC-42A2-AA55-AB1214B7621C}"
EndProject
Project("{9A19103F-16F7-4668-BE54-9A1E7A4F7556}") = "Task2_1", "Task2_1\Task2_1.csproj", "{13FADF14-1895-4D4D-B2C0-9A182EA32136}"
EndProject
Project("{9A19103F-16F7-4668-BE54-9A1E7A4F7556}") = "Task3_1", "Task3_1\Task3_1.csproj", "{965D23C4-FC5D-4730-A96A-81F45D8A478D}"
EndProject
Project("{9A19103F-16F7-4668-BE54-9A1E7A4F7556}") = "Task3_6", "Task3_6\Task3_6.csproj", "{3EF84790-E6BB-4BAE-A113-ADE978BB039C}"
EndProject
Project("{9A19103F-16F7-4668-BE54-9A1E7A4F7556}") = "Task3_8", "Task3_8\Task3_8.csproj", "{B560F2AA-6F1A-4CAE-9F41-CAD4EC8BE932}"
EndProject
Project("{9A19103F-16F7-4668-BE54-9A1E7A4F7556}") = "Task3_9", "Task3_9\Task3_9.csproj", "{767688C3-12EB-4D41-8191-C932ACBBB7AF}"
EndProject
Project("{9A19103F-16F7-4668-BE54-9A1E7A4F7556}") = "Task4_1", "Task4_1\Task4_1.csproj", "{98F91793-F662-4A8B-A712-170FCC41C410}"
EndProject
Project("{9A19103F-16F7-4668-BE54-9A1E7A4F7556}") = "Task4_2", "Task4_2\Task4_2.csproj", "{68C82F9A-C38F-4D6A-98D1-A2552A6A9E36}"
EndProject
Project("{9A19103F-16F7-4668-BE54-9A1E7A4F7556}") = "Task5_1", "Task5_1\Task5_1.csproj", "{498CF259-4D37-469B-B1E1-1C704D513E08}"
EndProject
Project("{9A19103F-16F7-4668-BE54-9A1E7A4F7556}") = "Task6_1", "Task6_1\Task6_1.csproj", "{343D4DB5-92E6-4E3E-90AC-4A0A50CAF83B}"
EndProject
Project("{FAE04EC0-301F-11D3-BF4B-00C04F79EFBC}") = "Task7_1", "Task7_1\Task7_1.csproj", "{2C6352A9-AD22-49E0-B3AF-DAC834F1C9C9}"
EndProject
Project("{FAE04EC0-301F-11D3-BF4B-00C04F79EFBC}") = "Task7_2", "Task7_2\Task7_2.csproj", "{87E14376-5CB9-4EC6-9F1F-181FB34F8A7F}"
EndProject
Global
	GlobalSection(SolutionConfigurationPlatforms) = preSolution
		Debug|Any CPU = Debug|Any CPU
		Release|Any CPU = Release|Any CPU
	EndGlobalSection
	GlobalSection(ProjectConfigurationPlatforms) = postSolution
		{E174198B-A396-4360-8C43-51D775D895E0}.Debug|Any CPU.ActiveCfg = Debug|Any CPU
		{E174198B-A396-4360-8C43-51D775D895E0}.Debug|Any CPU.Build.0 = Debug|Any CPU
		{E174198B-A396-4360-8C43-51D775D895E0}.Release|Any CPU.ActiveCfg = Release|Any CPU
		{E174198B-A396-4360-8C43-51D775D895E0}.Release|Any CPU.Build.0 = Release|Any CPU
		{62C57D7A-C9AC-42A2-AA55-AB1214B7621C}.Debug|Any CPU.ActiveCfg = Debug|Any CPU
		{62C57D7A-C9AC-42A2-AA55-AB1214B7621C}.Debug|Any CPU.Build.0 = Debug|Any CPU
		{62C57D7A-C9AC-42A2-AA55-AB1214B7621C}.Release|Any CPU.ActiveCfg = Release|Any CPU
		{62C57D7A-C9AC-42A2-AA55-AB1214B7621C}.Release|Any CPU.Build.0 = Release|Any CPU
		{13FADF14-1895-4D4D-B2C0-9A182EA32136}.Debug|Any CPU.ActiveCfg = Debug|Any CPU
		{13FADF14-1895-4D4D-B2C0-9A182EA32136}.Debug|Any CPU.Build.0 = Debug|Any CPU
		{13FADF14-1895-4D4D-B2C0-9A182EA32136}.Release|Any CPU.ActiveCfg = Release|Any CPU
		{13FADF14-1895-4D4D-B2C0-9A182EA32136}.Release|Any CPU.Build.0 = Release|Any CPU
		{965D23C4-FC5D-4730-A96A-81F45D8A478D}.Debug|Any CPU.ActiveCfg = Debug|Any CPU
		{965D23C4-FC5D-4730-A96A-81F45D8A478D}.Debug|Any CPU.Build.0 = Debug|Any CPU
		{965D23C4-FC5D-4730-A96A-81F45D8A478D}.Release|Any CPU.ActiveCfg = Release|Any CPU
		{965D23C4-FC5D-4730-A96A-81F45D8A478D}.Release|Any CPU.Build.0 = Release|Any CPU
		{3EF84790-E6BB-4BAE-A113-ADE978BB039C}.Debug|Any CPU.ActiveCfg = Debug|Any CPU
		{3EF84790-E6BB-4BAE-A113-ADE978BB039C}.Debug|Any CPU.Build.0 = Debug|Any CPU
		{3EF84790-E6BB-4BAE-A113-ADE978BB039C}.Release|Any CPU.ActiveCfg = Release|Any CPU
		{3EF84790-E6BB-4BAE-A113-ADE978BB039C}.Release|Any CPU.Build.0 = Release|Any CPU
		{B560F2AA-6F1A-4CAE-9F41-CAD4EC8BE932}.Debug|Any CPU.ActiveCfg = Debug|Any CPU
		{B560F2AA-6F1A-4CAE-9F41-CAD4EC8BE932}.Debug|Any CPU.Build.0 = Debug|Any CPU
		{B560F2AA-6F1A-4CAE-9F41-CAD4EC8BE932}.Release|Any CPU.ActiveCfg = Release|Any CPU
		{B560F2AA-6F1A-4CAE-9F41-CAD4EC8BE932}.Release|Any CPU.Build.0 = Release|Any CPU
		{767688C3-12EB-4D41-8191-C932ACBBB7AF}.Debug|Any CPU.ActiveCfg = Debug|Any CPU
		{767688C3-12EB-4D41-8191-C932ACBBB7AF}.Debug|Any CPU.Build.0 = Debug|Any CPU
		{767688C3-12EB-4D41-8191-C932ACBBB7AF}.Release|Any CPU.ActiveCfg = Release|Any CPU
		{767688C3-12EB-4D41-8191-C932ACBBB7AF}.Release|Any CPU.Build.0 = Release|Any CPU
		{98F91793-F662-4A8B-A712-170FCC41C410}.Debug|Any CPU.ActiveCfg = Debug|Any CPU
		{98F91793-F662-4A8B-A712-170FCC41C410}.Debug|Any CPU.Build.0 = Debug|Any CPU
		{98F91793-F662-4A8B-A712-170FCC41C410}.Release|Any CPU.ActiveCfg = Release|Any CPU
		{98F91793-F662-4A8B-A712-170FCC41C410}.Release|Any CPU.Build.0 = Release|Any CPU
		{68C82F9A-C38F-4D6A-98D1-A2552A6A9E36}.Debug|Any CPU.ActiveCfg = Debug|Any CPU
		{68C82F9A-C38F-4D6A-98D1-A2552A6A9E36}.Debug|Any CPU.Build.0 = Debug|Any CPU
		{68C82F9A-C38F-4D6A-98D1-A2552A6A9E36}.Release|Any CPU.ActiveCfg = Release|Any CPU
		{68C82F9A-C38F-4D6A-98D1-A2552A6A9E36}.Release|Any CPU.Build.0 = Release|Any CPU
		{498CF259-4D37-469B-B1E1-1C704D513E08}.Debug|Any CPU.ActiveCfg = Debug|Any CPU
		{498CF259-4D37-469B-B1E1-1C704D513E08}.Debug|Any CPU.Build.0 = Debug|Any CPU
		{498CF259-4D37-469B-B1E1-1C704D513E08}.Release|Any CPU.ActiveCfg = Release|Any CPU
		{498CF259-4D37-469B-B1E1-1C704D513E08}.Release|Any CPU.Build.0 = Release|Any CPU
		{343D4DB5-92E6-4E3E-90AC-4A0A50CAF83B}.Debug|Any CPU.ActiveCfg = Debug|Any CPU
		{343D4DB5-92E6-4E3E-90AC-4A0A50CAF83B}.Debug|Any CPU.Build.0 = Debug|Any CPU
		{343D4DB5-92E6-4E3E-90AC-4A0A50CAF83B}.Release|Any CPU.ActiveCfg = Release|Any CPU
		{343D4DB5-92E6-4E3E-90AC-4A0A50CAF83B}.Release|Any CPU.Build.0 = Release|Any CPU
		{2C6352A9-AD22-49E0-B3AF-DAC834F1C9C9}.Debug|Any CPU.ActiveCfg = Debug|Any CPU
		{2C6352A9-AD22-49E0-B3AF-DAC834F1C9C9}.Debug|Any CPU.Build.0 = Debug|Any CPU
		{2C6352A9-AD22-49E0-B3AF-DAC834F1C9C9}.Release|Any CPU.ActiveCfg = Release|Any CPU
		{2C6352A9-AD22-49E0-B3AF-DAC834F1C9C9}.Release|Any CPU.Build.0 = Release|Any CPU
		{87E14376-5CB9-4EC6-9F1F-181FB34F8A7F}.Debug|Any CPU.ActiveCfg = Debug|Any CPU
		{87E14376-5CB9-4EC6-9F1F-181FB34F8A7F}.Debug|Any CPU.Build.0 = Debug|Any CPU
		{87E14376-5CB9-4EC6-9F1F-181FB34F8A7F}.Release|Any CPU.ActiveCfg = Release|Any CPU
		{87E14376-5CB9-4EC6-9F1F-181FB34F8A7F}.Release|Any CPU.Build.0 = Release|Any CPU
	EndGlobalSection
	GlobalSection(SolutionProperties) = preSolution
		HideSolutionNode = FALSE
	EndGlobalSection
	GlobalSection(ExtensibilityGlobals) = postSolution
		SolutionGuid = {2949CCD7-BC6A-443E-A57B-E8D15498250C}
	EndGlobalSection
EndGlobal
