
Microsoft Visual Studio Solution File, Format Version 12.00
# Visual Studio Version 16
VisualStudioVersion = 16.0.31112.23
MinimumVisualStudioVersion = 10.0.40219.1
Project("{9A19103F-16F7-4668-BE54-9A1E7A4F7556}") = "Task1_1", "Task1_1\Task1_1.csproj", "{E174198B-A396-4360-8C43-51D775D895E0}"
EndProject
Project("{9A19103F-16F7-4668-BE54-9A1E7A4F7556}") = "Task1_3", "Task1_3\Task1_3.csproj", "{62C57D7A-C9AC-42A2-AA55-AB1214B7621C}"
EndProject
Project("{FAE04EC0-301F-11D3-BF4B-00C04F79EFBC}") = "Task2_1", "Task2_1\Task2_1.csproj", "{13FADF14-1895-4D4D-B2C0-9A182EA32136}"
EndProject
Global
	GlobalSection(SolutionConfigurationPlatforms) = preSolution
		Debug|Any CPU = Debug|Any CPU
		Release|Any CPU = Release|Any CPU
	EndGlobalSection
	GlobalSection(ProjectConfigurationPlatforms) = postSolution
		{E174198B-A396-4360-8C43-51D775D895E0}.Debug|Any CPU.ActiveCfg = Debug|Any CPU
		{E174198B-A396-4360-8C43-51D775D895E0}.Debug|Any CPU.Build.0 = Debug|Any CPU
		{E174198B-A396-4360-8C43-51D775D895E0}.Release|Any CPU.ActiveCfg = Release|Any CPU
		{E174198B-A396-4360-8C43-51D775D895E0}.Release|Any CPU.Build.0 = Release|Any CPU
		{62C57D7A-C9AC-42A2-AA55-AB1214B7621C}.Debug|Any CPU.ActiveCfg = Debug|Any CPU
		{62C57D7A-C9AC-42A2-AA55-AB1214B7621C}.Debug|Any CPU.Build.0 = Debug|Any CPU
		{62C57D7A-C9AC-42A2-AA55-AB1214B7621C}.Release|Any CPU.ActiveCfg = Release|Any CPU
		{62C57D7A-C9AC-42A2-AA55-AB1214B7621C}.Release|Any CPU.Build.0 = Release|Any CPU
		{13FADF14-1895-4D4D-B2C0-9A182EA32136}.Debug|Any CPU.ActiveCfg = Debug|Any CPU
		{13FADF14-1895-4D4D-B2C0-9A182EA32136}.Debug|Any CPU.Build.0 = Debug|Any CPU
		{13FADF14-1895-4D4D-B2C0-9A182EA32136}.Release|Any CPU.ActiveCfg = Release|Any CPU
		{13FADF14-1895-4D4D-B2C0-9A182EA32136}.Release|Any CPU.Build.0 = Release|Any CPU
	EndGlobalSection
	GlobalSection(SolutionProperties) = preSolution
		HideSolutionNode = FALSE
	EndGlobalSection
	GlobalSection(ExtensibilityGlobals) = postSolution
		SolutionGuid = {2949CCD7-BC6A-443E-A57B-E8D15498250C}
	EndGlobalSection
EndGlobal
