
Microsoft Visual Studio Solution File, Format Version 12.00
# Visual Studio Version 16
VisualStudioVersion = 16.0.31005.135
MinimumVisualStudioVersion = 10.0.40219.1
Project("{9A19103F-16F7-4668-BE54-9A1E7A4F7556}") = "Task21", "Task21\Task21.csproj", "{EC3A5DA4-0AA6-4647-AD5F-A02D1394F013}"
EndProject
Project("{9A19103F-16F7-4668-BE54-9A1E7A4F7556}") = "Task29", "Task29\Task29.csproj", "{F08B151D-AA9E-4598-8C95-E3866F502A50}"
EndProject
Project("{9A19103F-16F7-4668-BE54-9A1E7A4F7556}") = "Task211", "Task211\Task211.csproj", "{FFB1FACA-F1BB-4D2A-9D41-59C2D89E1A54}"
EndProject
Project("{9A19103F-16F7-4668-BE54-9A1E7A4F7556}") = "Task212", "Task212\Task212.csproj", "{9D6A1B80-7DF3-4619-8920-595D5E01F2B8}"
EndProject
Project("{9A19103F-16F7-4668-BE54-9A1E7A4F7556}") = "Task31", "Task31\Task31.csproj", "{6AB97FF2-17C2-4852-B2C5-EC2AA2E2BC7C}"
EndProject
Project("{9A19103F-16F7-4668-BE54-9A1E7A4F7556}") = "Task34", "Task34\Task34.csproj", "{27D28228-0320-49A0-8A39-93207264F044}"
EndProject
Project("{9A19103F-16F7-4668-BE54-9A1E7A4F7556}") = "Task35", "Task35\Task35.csproj", "{1B39EEB7-F972-4B91-B79C-2BCD2991F2D5}"
EndProject
Project("{9A19103F-16F7-4668-BE54-9A1E7A4F7556}") = "Task41", "Task41\Task41.csproj", "{E5DC68EF-D425-429C-AAA2-4288563883D8}"
EndProject
Project("{9A19103F-16F7-4668-BE54-9A1E7A4F7556}") = "Task45", "Task45\Task45.csproj", "{73DAD707-7D71-45FC-9F55-DA87E1B140D8}"
EndProject
Project("{9A19103F-16F7-4668-BE54-9A1E7A4F7556}") = "Task47", "Task47\Task47.csproj", "{D3CC2DE0-3090-4D53-B124-925713E2DD91}"
EndProject
Project("{9A19103F-16F7-4668-BE54-9A1E7A4F7556}") = "Task51", "Task51\Task51.csproj", "{3C617378-FFA7-4841-AA4B-841061B64A2E}"
EndProject
Project("{9A19103F-16F7-4668-BE54-9A1E7A4F7556}") = "Task61", "Task61\Task61.csproj", "{B8789081-2291-4557-9520-78014B5075F1}"
EndProject
Project("{9A19103F-16F7-4668-BE54-9A1E7A4F7556}") = "Task64", "Task64\Task64.csproj", "{8EE3B524-33E3-4BE4-9926-21349EB37963}"
EndProject
Project("{9A19103F-16F7-4668-BE54-9A1E7A4F7556}") = "Task71", "Task71\Task71.csproj", "{4BF92E41-E039-404D-B871-1A65EF6A09B5}"
EndProject
Project("{9A19103F-16F7-4668-BE54-9A1E7A4F7556}") = "Task72", "Task72\Task72.csproj", "{9603C0F1-B65E-4D48-937A-F31E228F724D}"
EndProject
Project("{9A19103F-16F7-4668-BE54-9A1E7A4F7556}") = "Task73", "Task73\Task73.csproj", "{9E2705E2-7893-4EEC-B8DB-44B4F66C49D9}"
EndProject
Project("{9A19103F-16F7-4668-BE54-9A1E7A4F7556}") = "Task75", "Task75\Task75.csproj", "{DD2C66DF-129C-45A9-908E-7DD586211FAE}"
EndProject
Project("{9A19103F-16F7-4668-BE54-9A1E7A4F7556}") = "Task76", "Task76\Task76.csproj", "{61081C5E-5214-431F-B857-6CBCD3D34424}"
EndProject
Project("{9A19103F-16F7-4668-BE54-9A1E7A4F7556}") = "Task81", "Task81\Task81.csproj", "{E5DB7B14-51EF-44A3-9FB6-582D50C2C0BD}"
EndProject
Project("{9A19103F-16F7-4668-BE54-9A1E7A4F7556}") = "Task91", "Task91\Task91.csproj", "{224D8C92-0BA2-44A5-A234-5FABD585B949}"
EndProject
Project("{9A19103F-16F7-4668-BE54-9A1E7A4F7556}") = "Task97", "Task97\Task97.csproj", "{E70F25EA-545B-4041-A386-B7A66C62C24C}"
EndProject
Project("{9A19103F-16F7-4668-BE54-9A1E7A4F7556}") = "Task10_1", "Task10_1\Task10_1.csproj", "{ACF069AB-A6DB-4EFE-A893-AF595A8B1431}"
EndProject
Project("{9A19103F-16F7-4668-BE54-9A1E7A4F7556}") = "Task11_1", "Task11_1\Task11_1.csproj", "{04E8A40B-50DF-425A-8D91-7E65D3C6B4C9}"
EndProject
Project("{9A19103F-16F7-4668-BE54-9A1E7A4F7556}") = "Task12_1", "Task12_1\Task12_1.csproj", "{331C092A-B943-4E78-A13F-FFA9C35896FF}"
EndProject
Project("{9A19103F-16F7-4668-BE54-9A1E7A4F7556}") = "Task12_4", "Task12_4\Task12_4.csproj", "{41251E83-C823-4FF0-9419-459D26A8D85C}"
EndProject
Project("{9A19103F-16F7-4668-BE54-9A1E7A4F7556}") = "Task13_1", "Task13_1\Task13_1.csproj", "{3EA3E844-56A2-43F8-BD66-BF181B4E92E4}"
EndProject
Project("{9A19103F-16F7-4668-BE54-9A1E7A4F7556}") = "Task14_1", "Task14_1\Task14_1.csproj", "{CA160B5A-666B-4741-931A-D5DA074E4F0B}"
EndProject
Project("{9A19103F-16F7-4668-BE54-9A1E7A4F7556}") = "Task15_1", "Task15_1\Task15_1.csproj", "{88F4B326-97F4-4467-8C47-58BFF31B708C}"
EndProject
Project("{9A19103F-16F7-4668-BE54-9A1E7A4F7556}") = "Task16_1", "Task16_1\Task16_1.csproj", "{B14CD5BF-A043-44D4-95EA-9C3EB28DFE8D}"
EndProject
Project("{9A19103F-16F7-4668-BE54-9A1E7A4F7556}") = "Task17_1", "Task17_1\Task17_1.csproj", "{06C8AD20-9C5F-4AC3-A5CE-466E44076B6B}"
EndProject
Project("{9A19103F-16F7-4668-BE54-9A1E7A4F7556}") = "Task20_1", "Task20_1\Task20_1.csproj", "{7705A4A9-9AAB-4C10-9174-47BF60787D1D}"
EndProject
Project("{9A19103F-16F7-4668-BE54-9A1E7A4F7556}") = "Task18_1", "Task18_1\Task18_1.csproj", "{094679D7-F456-4DCC-8EB9-F506EBB7B7D4}"
EndProject
Project("{9A19103F-16F7-4668-BE54-9A1E7A4F7556}") = "Task18_9", "Task18_9\Task18_9.csproj", "{BED6FDD9-604B-4062-98F1-FC38846562AC}"
EndProject
Project("{9A19103F-16F7-4668-BE54-9A1E7A4F7556}") = "Task19_1", "Task19_1\Task19_1.csproj", "{DB7DD1F1-1826-4049-9145-F90881A5DE55}"
EndProject
Project("{9A19103F-16F7-4668-BE54-9A1E7A4F7556}") = "Task21_1", "Task21_1\Task21_1.csproj", "{F9802BF3-386F-44C4-80DE-C07366A0988E}"
EndProject
Project("{9A19103F-16F7-4668-BE54-9A1E7A4F7556}") = "Task21_5", "Task21_5\Task21_5.csproj", "{69648631-2E9A-403B-B5F1-480935E3D5C3}"
EndProject
Global
	GlobalSection(SolutionConfigurationPlatforms) = preSolution
		Debug|Any CPU = Debug|Any CPU
		Release|Any CPU = Release|Any CPU
	EndGlobalSection
	GlobalSection(ProjectConfigurationPlatforms) = postSolution
		{EC3A5DA4-0AA6-4647-AD5F-A02D1394F013}.Debug|Any CPU.ActiveCfg = Debug|Any CPU
		{EC3A5DA4-0AA6-4647-AD5F-A02D1394F013}.Debug|Any CPU.Build.0 = Debug|Any CPU
		{EC3A5DA4-0AA6-4647-AD5F-A02D1394F013}.Release|Any CPU.ActiveCfg = Release|Any CPU
		{EC3A5DA4-0AA6-4647-AD5F-A02D1394F013}.Release|Any CPU.Build.0 = Release|Any CPU
		{F08B151D-AA9E-4598-8C95-E3866F502A50}.Debug|Any CPU.ActiveCfg = Debug|Any CPU
		{F08B151D-AA9E-4598-8C95-E3866F502A50}.Debug|Any CPU.Build.0 = Debug|Any CPU
		{F08B151D-AA9E-4598-8C95-E3866F502A50}.Release|Any CPU.ActiveCfg = Release|Any CPU
		{F08B151D-AA9E-4598-8C95-E3866F502A50}.Release|Any CPU.Build.0 = Release|Any CPU
		{FFB1FACA-F1BB-4D2A-9D41-59C2D89E1A54}.Debug|Any CPU.ActiveCfg = Debug|Any CPU
		{FFB1FACA-F1BB-4D2A-9D41-59C2D89E1A54}.Debug|Any CPU.Build.0 = Debug|Any CPU
		{FFB1FACA-F1BB-4D2A-9D41-59C2D89E1A54}.Release|Any CPU.ActiveCfg = Release|Any CPU
		{FFB1FACA-F1BB-4D2A-9D41-59C2D89E1A54}.Release|Any CPU.Build.0 = Release|Any CPU
		{9D6A1B80-7DF3-4619-8920-595D5E01F2B8}.Debug|Any CPU.ActiveCfg = Debug|Any CPU
		{9D6A1B80-7DF3-4619-8920-595D5E01F2B8}.Debug|Any CPU.Build.0 = Debug|Any CPU
		{9D6A1B80-7DF3-4619-8920-595D5E01F2B8}.Release|Any CPU.ActiveCfg = Release|Any CPU
		{9D6A1B80-7DF3-4619-8920-595D5E01F2B8}.Release|Any CPU.Build.0 = Release|Any CPU
		{6AB97FF2-17C2-4852-B2C5-EC2AA2E2BC7C}.Debug|Any CPU.ActiveCfg = Debug|Any CPU
		{6AB97FF2-17C2-4852-B2C5-EC2AA2E2BC7C}.Debug|Any CPU.Build.0 = Debug|Any CPU
		{6AB97FF2-17C2-4852-B2C5-EC2AA2E2BC7C}.Release|Any CPU.ActiveCfg = Release|Any CPU
		{6AB97FF2-17C2-4852-B2C5-EC2AA2E2BC7C}.Release|Any CPU.Build.0 = Release|Any CPU
		{27D28228-0320-49A0-8A39-93207264F044}.Debug|Any CPU.ActiveCfg = Debug|Any CPU
		{27D28228-0320-49A0-8A39-93207264F044}.Debug|Any CPU.Build.0 = Debug|Any CPU
		{27D28228-0320-49A0-8A39-93207264F044}.Release|Any CPU.ActiveCfg = Release|Any CPU
		{27D28228-0320-49A0-8A39-93207264F044}.Release|Any CPU.Build.0 = Release|Any CPU
		{1B39EEB7-F972-4B91-B79C-2BCD2991F2D5}.Debug|Any CPU.ActiveCfg = Debug|Any CPU
		{1B39EEB7-F972-4B91-B79C-2BCD2991F2D5}.Debug|Any CPU.Build.0 = Debug|Any CPU
		{1B39EEB7-F972-4B91-B79C-2BCD2991F2D5}.Release|Any CPU.ActiveCfg = Release|Any CPU
		{1B39EEB7-F972-4B91-B79C-2BCD2991F2D5}.Release|Any CPU.Build.0 = Release|Any CPU
		{E5DC68EF-D425-429C-AAA2-4288563883D8}.Debug|Any CPU.ActiveCfg = Debug|Any CPU
		{E5DC68EF-D425-429C-AAA2-4288563883D8}.Debug|Any CPU.Build.0 = Debug|Any CPU
		{E5DC68EF-D425-429C-AAA2-4288563883D8}.Release|Any CPU.ActiveCfg = Release|Any CPU
		{E5DC68EF-D425-429C-AAA2-4288563883D8}.Release|Any CPU.Build.0 = Release|Any CPU
		{73DAD707-7D71-45FC-9F55-DA87E1B140D8}.Debug|Any CPU.ActiveCfg = Debug|Any CPU
		{73DAD707-7D71-45FC-9F55-DA87E1B140D8}.Debug|Any CPU.Build.0 = Debug|Any CPU
		{73DAD707-7D71-45FC-9F55-DA87E1B140D8}.Release|Any CPU.ActiveCfg = Release|Any CPU
		{73DAD707-7D71-45FC-9F55-DA87E1B140D8}.Release|Any CPU.Build.0 = Release|Any CPU
		{D3CC2DE0-3090-4D53-B124-925713E2DD91}.Debug|Any CPU.ActiveCfg = Debug|Any CPU
		{D3CC2DE0-3090-4D53-B124-925713E2DD91}.Debug|Any CPU.Build.0 = Debug|Any CPU
		{D3CC2DE0-3090-4D53-B124-925713E2DD91}.Release|Any CPU.ActiveCfg = Release|Any CPU
		{D3CC2DE0-3090-4D53-B124-925713E2DD91}.Release|Any CPU.Build.0 = Release|Any CPU
		{3C617378-FFA7-4841-AA4B-841061B64A2E}.Debug|Any CPU.ActiveCfg = Debug|Any CPU
		{3C617378-FFA7-4841-AA4B-841061B64A2E}.Debug|Any CPU.Build.0 = Debug|Any CPU
		{3C617378-FFA7-4841-AA4B-841061B64A2E}.Release|Any CPU.ActiveCfg = Release|Any CPU
		{3C617378-FFA7-4841-AA4B-841061B64A2E}.Release|Any CPU.Build.0 = Release|Any CPU
		{B8789081-2291-4557-9520-78014B5075F1}.Debug|Any CPU.ActiveCfg = Debug|Any CPU
		{B8789081-2291-4557-9520-78014B5075F1}.Debug|Any CPU.Build.0 = Debug|Any CPU
		{B8789081-2291-4557-9520-78014B5075F1}.Release|Any CPU.ActiveCfg = Release|Any CPU
		{B8789081-2291-4557-9520-78014B5075F1}.Release|Any CPU.Build.0 = Release|Any CPU
		{8EE3B524-33E3-4BE4-9926-21349EB37963}.Debug|Any CPU.ActiveCfg = Debug|Any CPU
		{8EE3B524-33E3-4BE4-9926-21349EB37963}.Debug|Any CPU.Build.0 = Debug|Any CPU
		{8EE3B524-33E3-4BE4-9926-21349EB37963}.Release|Any CPU.ActiveCfg = Release|Any CPU
		{8EE3B524-33E3-4BE4-9926-21349EB37963}.Release|Any CPU.Build.0 = Release|Any CPU
		{4BF92E41-E039-404D-B871-1A65EF6A09B5}.Debug|Any CPU.ActiveCfg = Debug|Any CPU
		{4BF92E41-E039-404D-B871-1A65EF6A09B5}.Debug|Any CPU.Build.0 = Debug|Any CPU
		{4BF92E41-E039-404D-B871-1A65EF6A09B5}.Release|Any CPU.ActiveCfg = Release|Any CPU
		{4BF92E41-E039-404D-B871-1A65EF6A09B5}.Release|Any CPU.Build.0 = Release|Any CPU
		{9603C0F1-B65E-4D48-937A-F31E228F724D}.Debug|Any CPU.ActiveCfg = Debug|Any CPU
		{9603C0F1-B65E-4D48-937A-F31E228F724D}.Debug|Any CPU.Build.0 = Debug|Any CPU
		{9603C0F1-B65E-4D48-937A-F31E228F724D}.Release|Any CPU.ActiveCfg = Release|Any CPU
		{9603C0F1-B65E-4D48-937A-F31E228F724D}.Release|Any CPU.Build.0 = Release|Any CPU
		{9E2705E2-7893-4EEC-B8DB-44B4F66C49D9}.Debug|Any CPU.ActiveCfg = Debug|Any CPU
		{9E2705E2-7893-4EEC-B8DB-44B4F66C49D9}.Debug|Any CPU.Build.0 = Debug|Any CPU
		{9E2705E2-7893-4EEC-B8DB-44B4F66C49D9}.Release|Any CPU.ActiveCfg = Release|Any CPU
		{9E2705E2-7893-4EEC-B8DB-44B4F66C49D9}.Release|Any CPU.Build.0 = Release|Any CPU
		{DD2C66DF-129C-45A9-908E-7DD586211FAE}.Debug|Any CPU.ActiveCfg = Debug|Any CPU
		{DD2C66DF-129C-45A9-908E-7DD586211FAE}.Debug|Any CPU.Build.0 = Debug|Any CPU
		{DD2C66DF-129C-45A9-908E-7DD586211FAE}.Release|Any CPU.ActiveCfg = Release|Any CPU
		{DD2C66DF-129C-45A9-908E-7DD586211FAE}.Release|Any CPU.Build.0 = Release|Any CPU
		{61081C5E-5214-431F-B857-6CBCD3D34424}.Debug|Any CPU.ActiveCfg = Debug|Any CPU
		{61081C5E-5214-431F-B857-6CBCD3D34424}.Debug|Any CPU.Build.0 = Debug|Any CPU
		{61081C5E-5214-431F-B857-6CBCD3D34424}.Release|Any CPU.ActiveCfg = Release|Any CPU
		{61081C5E-5214-431F-B857-6CBCD3D34424}.Release|Any CPU.Build.0 = Release|Any CPU
		{E5DB7B14-51EF-44A3-9FB6-582D50C2C0BD}.Debug|Any CPU.ActiveCfg = Debug|Any CPU
		{E5DB7B14-51EF-44A3-9FB6-582D50C2C0BD}.Debug|Any CPU.Build.0 = Debug|Any CPU
		{E5DB7B14-51EF-44A3-9FB6-582D50C2C0BD}.Release|Any CPU.ActiveCfg = Release|Any CPU
		{E5DB7B14-51EF-44A3-9FB6-582D50C2C0BD}.Release|Any CPU.Build.0 = Release|Any CPU
		{224D8C92-0BA2-44A5-A234-5FABD585B949}.Debug|Any CPU.ActiveCfg = Debug|Any CPU
		{224D8C92-0BA2-44A5-A234-5FABD585B949}.Debug|Any CPU.Build.0 = Debug|Any CPU
		{224D8C92-0BA2-44A5-A234-5FABD585B949}.Release|Any CPU.ActiveCfg = Release|Any CPU
		{224D8C92-0BA2-44A5-A234-5FABD585B949}.Release|Any CPU.Build.0 = Release|Any CPU
		{E70F25EA-545B-4041-A386-B7A66C62C24C}.Debug|Any CPU.ActiveCfg = Debug|Any CPU
		{E70F25EA-545B-4041-A386-B7A66C62C24C}.Debug|Any CPU.Build.0 = Debug|Any CPU
		{E70F25EA-545B-4041-A386-B7A66C62C24C}.Release|Any CPU.ActiveCfg = Release|Any CPU
		{E70F25EA-545B-4041-A386-B7A66C62C24C}.Release|Any CPU.Build.0 = Release|Any CPU
		{ACF069AB-A6DB-4EFE-A893-AF595A8B1431}.Debug|Any CPU.ActiveCfg = Debug|Any CPU
		{ACF069AB-A6DB-4EFE-A893-AF595A8B1431}.Debug|Any CPU.Build.0 = Debug|Any CPU
		{ACF069AB-A6DB-4EFE-A893-AF595A8B1431}.Release|Any CPU.ActiveCfg = Release|Any CPU
		{ACF069AB-A6DB-4EFE-A893-AF595A8B1431}.Release|Any CPU.Build.0 = Release|Any CPU
		{04E8A40B-50DF-425A-8D91-7E65D3C6B4C9}.Debug|Any CPU.ActiveCfg = Debug|Any CPU
		{04E8A40B-50DF-425A-8D91-7E65D3C6B4C9}.Debug|Any CPU.Build.0 = Debug|Any CPU
		{04E8A40B-50DF-425A-8D91-7E65D3C6B4C9}.Release|Any CPU.ActiveCfg = Release|Any CPU
		{04E8A40B-50DF-425A-8D91-7E65D3C6B4C9}.Release|Any CPU.Build.0 = Release|Any CPU
		{331C092A-B943-4E78-A13F-FFA9C35896FF}.Debug|Any CPU.ActiveCfg = Debug|Any CPU
		{331C092A-B943-4E78-A13F-FFA9C35896FF}.Debug|Any CPU.Build.0 = Debug|Any CPU
		{331C092A-B943-4E78-A13F-FFA9C35896FF}.Release|Any CPU.ActiveCfg = Release|Any CPU
		{331C092A-B943-4E78-A13F-FFA9C35896FF}.Release|Any CPU.Build.0 = Release|Any CPU
		{41251E83-C823-4FF0-9419-459D26A8D85C}.Debug|Any CPU.ActiveCfg = Debug|Any CPU
		{41251E83-C823-4FF0-9419-459D26A8D85C}.Debug|Any CPU.Build.0 = Debug|Any CPU
		{41251E83-C823-4FF0-9419-459D26A8D85C}.Release|Any CPU.ActiveCfg = Release|Any CPU
		{41251E83-C823-4FF0-9419-459D26A8D85C}.Release|Any CPU.Build.0 = Release|Any CPU
		{3EA3E844-56A2-43F8-BD66-BF181B4E92E4}.Debug|Any CPU.ActiveCfg = Debug|Any CPU
		{3EA3E844-56A2-43F8-BD66-BF181B4E92E4}.Debug|Any CPU.Build.0 = Debug|Any CPU
		{3EA3E844-56A2-43F8-BD66-BF181B4E92E4}.Release|Any CPU.ActiveCfg = Release|Any CPU
		{3EA3E844-56A2-43F8-BD66-BF181B4E92E4}.Release|Any CPU.Build.0 = Release|Any CPU
		{CA160B5A-666B-4741-931A-D5DA074E4F0B}.Debug|Any CPU.ActiveCfg = Debug|Any CPU
		{CA160B5A-666B-4741-931A-D5DA074E4F0B}.Debug|Any CPU.Build.0 = Debug|Any CPU
		{CA160B5A-666B-4741-931A-D5DA074E4F0B}.Release|Any CPU.ActiveCfg = Release|Any CPU
		{CA160B5A-666B-4741-931A-D5DA074E4F0B}.Release|Any CPU.Build.0 = Release|Any CPU
		{88F4B326-97F4-4467-8C47-58BFF31B708C}.Debug|Any CPU.ActiveCfg = Debug|Any CPU
		{88F4B326-97F4-4467-8C47-58BFF31B708C}.Debug|Any CPU.Build.0 = Debug|Any CPU
		{88F4B326-97F4-4467-8C47-58BFF31B708C}.Release|Any CPU.ActiveCfg = Release|Any CPU
		{88F4B326-97F4-4467-8C47-58BFF31B708C}.Release|Any CPU.Build.0 = Release|Any CPU
		{B14CD5BF-A043-44D4-95EA-9C3EB28DFE8D}.Debug|Any CPU.ActiveCfg = Debug|Any CPU
		{B14CD5BF-A043-44D4-95EA-9C3EB28DFE8D}.Debug|Any CPU.Build.0 = Debug|Any CPU
		{B14CD5BF-A043-44D4-95EA-9C3EB28DFE8D}.Release|Any CPU.ActiveCfg = Release|Any CPU
		{B14CD5BF-A043-44D4-95EA-9C3EB28DFE8D}.Release|Any CPU.Build.0 = Release|Any CPU
		{06C8AD20-9C5F-4AC3-A5CE-466E44076B6B}.Debug|Any CPU.ActiveCfg = Debug|Any CPU
		{06C8AD20-9C5F-4AC3-A5CE-466E44076B6B}.Debug|Any CPU.Build.0 = Debug|Any CPU
		{06C8AD20-9C5F-4AC3-A5CE-466E44076B6B}.Release|Any CPU.ActiveCfg = Release|Any CPU
		{06C8AD20-9C5F-4AC3-A5CE-466E44076B6B}.Release|Any CPU.Build.0 = Release|Any CPU
		{7705A4A9-9AAB-4C10-9174-47BF60787D1D}.Debug|Any CPU.ActiveCfg = Debug|Any CPU
		{7705A4A9-9AAB-4C10-9174-47BF60787D1D}.Debug|Any CPU.Build.0 = Debug|Any CPU
		{7705A4A9-9AAB-4C10-9174-47BF60787D1D}.Release|Any CPU.ActiveCfg = Release|Any CPU
		{7705A4A9-9AAB-4C10-9174-47BF60787D1D}.Release|Any CPU.Build.0 = Release|Any CPU
		{094679D7-F456-4DCC-8EB9-F506EBB7B7D4}.Debug|Any CPU.ActiveCfg = Debug|Any CPU
		{094679D7-F456-4DCC-8EB9-F506EBB7B7D4}.Debug|Any CPU.Build.0 = Debug|Any CPU
		{094679D7-F456-4DCC-8EB9-F506EBB7B7D4}.Release|Any CPU.ActiveCfg = Release|Any CPU
		{094679D7-F456-4DCC-8EB9-F506EBB7B7D4}.Release|Any CPU.Build.0 = Release|Any CPU
		{BED6FDD9-604B-4062-98F1-FC38846562AC}.Debug|Any CPU.ActiveCfg = Debug|Any CPU
		{BED6FDD9-604B-4062-98F1-FC38846562AC}.Debug|Any CPU.Build.0 = Debug|Any CPU
		{BED6FDD9-604B-4062-98F1-FC38846562AC}.Release|Any CPU.ActiveCfg = Release|Any CPU
		{BED6FDD9-604B-4062-98F1-FC38846562AC}.Release|Any CPU.Build.0 = Release|Any CPU
		{DB7DD1F1-1826-4049-9145-F90881A5DE55}.Debug|Any CPU.ActiveCfg = Debug|Any CPU
		{DB7DD1F1-1826-4049-9145-F90881A5DE55}.Debug|Any CPU.Build.0 = Debug|Any CPU
		{DB7DD1F1-1826-4049-9145-F90881A5DE55}.Release|Any CPU.ActiveCfg = Release|Any CPU
		{DB7DD1F1-1826-4049-9145-F90881A5DE55}.Release|Any CPU.Build.0 = Release|Any CPU
		{F9802BF3-386F-44C4-80DE-C07366A0988E}.Debug|Any CPU.ActiveCfg = Debug|Any CPU
		{F9802BF3-386F-44C4-80DE-C07366A0988E}.Debug|Any CPU.Build.0 = Debug|Any CPU
		{F9802BF3-386F-44C4-80DE-C07366A0988E}.Release|Any CPU.ActiveCfg = Release|Any CPU
		{F9802BF3-386F-44C4-80DE-C07366A0988E}.Release|Any CPU.Build.0 = Release|Any CPU
		{69648631-2E9A-403B-B5F1-480935E3D5C3}.Debug|Any CPU.ActiveCfg = Debug|Any CPU
		{69648631-2E9A-403B-B5F1-480935E3D5C3}.Debug|Any CPU.Build.0 = Debug|Any CPU
		{69648631-2E9A-403B-B5F1-480935E3D5C3}.Release|Any CPU.ActiveCfg = Release|Any CPU
		{69648631-2E9A-403B-B5F1-480935E3D5C3}.Release|Any CPU.Build.0 = Release|Any CPU
	EndGlobalSection
	GlobalSection(SolutionProperties) = preSolution
		HideSolutionNode = FALSE
	EndGlobalSection
	GlobalSection(ExtensibilityGlobals) = postSolution
		SolutionGuid = {F4F20082-D8F9-4246-997B-9305EFDA176E}
	EndGlobalSection
EndGlobal
