
Microsoft Visual Studio Solution File, Format Version 12.00
# Visual Studio Version 16
VisualStudioVersion = 16.0.31205.134
MinimumVisualStudioVersion = 10.0.40219.1
Project("{9A19103F-16F7-4668-BE54-9A1E7A4F7556}") = "Task4_1", "Task4_1\Task4_1.csproj", "{0F7030A8-61FE-4CB4-829C-DC0985BF7F53}"
EndProject
Project("{9A19103F-16F7-4668-BE54-9A1E7A4F7556}") = "Task4_3", "Task4_3\Task4_3.csproj", "{F19BF9EB-4DB0-487B-A27E-26CF29047DBB}"
EndProject
Project("{9A19103F-16F7-4668-BE54-9A1E7A4F7556}") = "Task4_12", "Task4_12\Task4_12.csproj", "{EA1EE512-4565-42B1-89D7-33D43B403229}"
EndProject
Project("{FAE04EC0-301F-11D3-BF4B-00C04F79EFBC}") = "Task4_13", "Task4_13\Task4_13.csproj", "{42796B5D-06B7-40F5-BB43-F068CBF6B21B}"
EndProject
Global
	GlobalSection(SolutionConfigurationPlatforms) = preSolution
		Debug|Any CPU = Debug|Any CPU
		Release|Any CPU = Release|Any CPU
	EndGlobalSection
	GlobalSection(ProjectConfigurationPlatforms) = postSolution
		{0F7030A8-61FE-4CB4-829C-DC0985BF7F53}.Debug|Any CPU.ActiveCfg = Debug|Any CPU
		{0F7030A8-61FE-4CB4-829C-DC0985BF7F53}.Debug|Any CPU.Build.0 = Debug|Any CPU
		{0F7030A8-61FE-4CB4-829C-DC0985BF7F53}.Release|Any CPU.ActiveCfg = Release|Any CPU
		{0F7030A8-61FE-4CB4-829C-DC0985BF7F53}.Release|Any CPU.Build.0 = Release|Any CPU
		{F19BF9EB-4DB0-487B-A27E-26CF29047DBB}.Debug|Any CPU.ActiveCfg = Debug|Any CPU
		{F19BF9EB-4DB0-487B-A27E-26CF29047DBB}.Debug|Any CPU.Build.0 = Debug|Any CPU
		{F19BF9EB-4DB0-487B-A27E-26CF29047DBB}.Release|Any CPU.ActiveCfg = Release|Any CPU
		{F19BF9EB-4DB0-487B-A27E-26CF29047DBB}.Release|Any CPU.Build.0 = Release|Any CPU
		{EA1EE512-4565-42B1-89D7-33D43B403229}.Debug|Any CPU.ActiveCfg = Debug|Any CPU
		{EA1EE512-4565-42B1-89D7-33D43B403229}.Debug|Any CPU.Build.0 = Debug|Any CPU
		{EA1EE512-4565-42B1-89D7-33D43B403229}.Release|Any CPU.ActiveCfg = Release|Any CPU
		{EA1EE512-4565-42B1-89D7-33D43B403229}.Release|Any CPU.Build.0 = Release|Any CPU
		{42796B5D-06B7-40F5-BB43-F068CBF6B21B}.Debug|Any CPU.ActiveCfg = Debug|Any CPU
		{42796B5D-06B7-40F5-BB43-F068CBF6B21B}.Debug|Any CPU.Build.0 = Debug|Any CPU
		{42796B5D-06B7-40F5-BB43-F068CBF6B21B}.Release|Any CPU.ActiveCfg = Release|Any CPU
		{42796B5D-06B7-40F5-BB43-F068CBF6B21B}.Release|Any CPU.Build.0 = Release|Any CPU
	EndGlobalSection
	GlobalSection(SolutionProperties) = preSolution
		HideSolutionNode = FALSE
	EndGlobalSection
	GlobalSection(ExtensibilityGlobals) = postSolution
		SolutionGuid = {EC340F01-BF56-43C0-8AB9-60145E380042}
	EndGlobalSection
EndGlobal
